
Microsoft Visual Studio Solution File, Format Version 12.00
# Visual Studio Version 16
VisualStudioVersion = 16.0.31613.86
MinimumVisualStudioVersion = 10.0.40219.1
Project("{FAE04EC0-301F-11D3-BF4B-00C04F79EFBC}") = "CtoF_Stokley", "CtoF_Stokley\CtoF_Stokley.csproj", "{71C8837A-C8A8-4EA0-8642-675ED1AA4A08}"
EndProject
Global
	GlobalSection(SolutionConfigurationPlatforms) = preSolution
		Debug|Any CPU = Debug|Any CPU
		Release|Any CPU = Release|Any CPU
	EndGlobalSection
	GlobalSection(ProjectConfigurationPlatforms) = postSolution
		{71C8837A-C8A8-4EA0-8642-675ED1AA4A08}.Debug|Any CPU.ActiveCfg = Debug|Any CPU
		{71C8837A-C8A8-4EA0-8642-675ED1AA4A08}.Debug|Any CPU.Build.0 = Debug|Any CPU
		{71C8837A-C8A8-4EA0-8642-675ED1AA4A08}.Release|Any CPU.ActiveCfg = Release|Any CPU
		{71C8837A-C8A8-4EA0-8642-675ED1AA4A08}.Release|Any CPU.Build.0 = Release|Any CPU
	EndGlobalSection
	GlobalSection(SolutionProperties) = preSolution
		HideSolutionNode = FALSE
	EndGlobalSection
	GlobalSection(ExtensibilityGlobals) = postSolution
		SolutionGuid = {B67B8997-B453-4516-AAE2-5C8AD0802B80}
	EndGlobalSection
EndGlobal
